
Microsoft Visual Studio Solution File, Format Version 12.00
# Visual Studio Version 16
VisualStudioVersion = 16.0.30114.105
MinimumVisualStudioVersion = 10.0.40219.1
Project("{8BC9CEB8-8B4A-11D0-8D11-00A0C91BC942}") = "SnakeLab4", "SnakeLab4.vcxproj", "{63ABED00-3596-462B-9D8D-8A6C8DC32A70}"
EndProject
Global
	GlobalSection(SolutionConfigurationPlatforms) = preSolution
		Debug|x64 = Debug|x64
		Debug|x86 = Debug|x86
		Release|x64 = Release|x64
		Release|x86 = Release|x86
	EndGlobalSection
	GlobalSection(ProjectConfigurationPlatforms) = postSolution
		{63ABED00-3596-462B-9D8D-8A6C8DC32A70}.Debug|x64.ActiveCfg = Debug|x64
		{63ABED00-3596-462B-9D8D-8A6C8DC32A70}.Debug|x64.Build.0 = Debug|x64
		{63ABED00-3596-462B-9D8D-8A6C8DC32A70}.Debug|x86.ActiveCfg = Debug|Win32
		{63ABED00-3596-462B-9D8D-8A6C8DC32A70}.Debug|x86.Build.0 = Debug|Win32
		{63ABED00-3596-462B-9D8D-8A6C8DC32A70}.Release|x64.ActiveCfg = Release|x64
		{63ABED00-3596-462B-9D8D-8A6C8DC32A70}.Release|x64.Build.0 = Release|x64
		{63ABED00-3596-462B-9D8D-8A6C8DC32A70}.Release|x86.ActiveCfg = Release|Win32
		{63ABED00-3596-462B-9D8D-8A6C8DC32A70}.Release|x86.Build.0 = Release|Win32
	EndGlobalSection
	GlobalSection(SolutionProperties) = preSolution
		HideSolutionNode = FALSE
	EndGlobalSection
	GlobalSection(ExtensibilityGlobals) = postSolution
		SolutionGuid = {5A799A4F-DC9D-4485-AD33-ABB9CD2ADC8B}
	EndGlobalSection
EndGlobal
